// !$*UTF8*$!
{
	archiveVersion = 1;
	classes = {
	};
	objectVersion = 50;
	objects = {

/* Begin PBXBuildFile section */
		37A185A4237A3579002191B5 /* AppDelegate.swift in Sources */ = {isa = PBXBuildFile; fileRef = 37A185A3237A3579002191B5 /* AppDelegate.swift */; };
		37A185A8237A3579002191B5 /* ViewController.swift in Sources */ = {isa = PBXBuildFile; fileRef = 37A185A7237A3579002191B5 /* ViewController.swift */; };
		37A185AB237A3579002191B5 /* Main.storyboard in Resources */ = {isa = PBXBuildFile; fileRef = 37A185A9237A3579002191B5 /* Main.storyboard */; };
		37A185AD237A357C002191B5 /* Assets.xcassets in Resources */ = {isa = PBXBuildFile; fileRef = 37A185AC237A357C002191B5 /* Assets.xcassets */; };
		37A185B0237A357C002191B5 /* LaunchScreen.storyboard in Resources */ = {isa = PBXBuildFile; fileRef = 37A185AE237A357C002191B5 /* LaunchScreen.storyboard */; };
		37A185BB237A357C002191B5 /* swaapTests.swift in Sources */ = {isa = PBXBuildFile; fileRef = 37A185BA237A357C002191B5 /* swaapTests.swift */; };
		37A185C6237A357C002191B5 /* swaapUITests.swift in Sources */ = {isa = PBXBuildFile; fileRef = 37A185C5237A357C002191B5 /* swaapUITests.swift */; };
/* End PBXBuildFile section */

/* Begin PBXContainerItemProxy section */
		37A185B7237A357C002191B5 /* PBXContainerItemProxy */ = {
			isa = PBXContainerItemProxy;
			containerPortal = 37A18598237A3579002191B5 /* Project object */;
			proxyType = 1;
			remoteGlobalIDString = 37A1859F237A3579002191B5;
			remoteInfo = swaap;
		};
		37A185C2237A357C002191B5 /* PBXContainerItemProxy */ = {
			isa = PBXContainerItemProxy;
			containerPortal = 37A18598237A3579002191B5 /* Project object */;
			proxyType = 1;
			remoteGlobalIDString = 37A1859F237A3579002191B5;
			remoteInfo = swaap;
		};
/* End PBXContainerItemProxy section */

/* Begin PBXFileReference section */
		37A185A0237A3579002191B5 /* swaap.app */ = {isa = PBXFileReference; explicitFileType = wrapper.application; includeInIndex = 0; path = swaap.app; sourceTree = BUILT_PRODUCTS_DIR; };
		37A185A3237A3579002191B5 /* AppDelegate.swift */ = {isa = PBXFileReference; lastKnownFileType = sourcecode.swift; path = AppDelegate.swift; sourceTree = "<group>"; };
		37A185A7237A3579002191B5 /* ViewController.swift */ = {isa = PBXFileReference; lastKnownFileType = sourcecode.swift; path = ViewController.swift; sourceTree = "<group>"; };
		37A185AA237A3579002191B5 /* Base */ = {isa = PBXFileReference; lastKnownFileType = file.storyboard; name = Base; path = Base.lproj/Main.storyboard; sourceTree = "<group>"; };
		37A185AC237A357C002191B5 /* Assets.xcassets */ = {isa = PBXFileReference; lastKnownFileType = folder.assetcatalog; path = Assets.xcassets; sourceTree = "<group>"; };
		37A185AF237A357C002191B5 /* Base */ = {isa = PBXFileReference; lastKnownFileType = file.storyboard; name = Base; path = Base.lproj/LaunchScreen.storyboard; sourceTree = "<group>"; };
		37A185B1237A357C002191B5 /* Info.plist */ = {isa = PBXFileReference; lastKnownFileType = text.plist.xml; path = Info.plist; sourceTree = "<group>"; };
		37A185B6237A357C002191B5 /* swaapTests.xctest */ = {isa = PBXFileReference; explicitFileType = wrapper.cfbundle; includeInIndex = 0; path = swaapTests.xctest; sourceTree = BUILT_PRODUCTS_DIR; };
		37A185BA237A357C002191B5 /* swaapTests.swift */ = {isa = PBXFileReference; lastKnownFileType = sourcecode.swift; path = swaapTests.swift; sourceTree = "<group>"; };
		37A185BC237A357C002191B5 /* Info.plist */ = {isa = PBXFileReference; lastKnownFileType = text.plist.xml; path = Info.plist; sourceTree = "<group>"; };
		37A185C1237A357C002191B5 /* swaapUITests.xctest */ = {isa = PBXFileReference; explicitFileType = wrapper.cfbundle; includeInIndex = 0; path = swaapUITests.xctest; sourceTree = BUILT_PRODUCTS_DIR; };
		37A185C5237A357C002191B5 /* swaapUITests.swift */ = {isa = PBXFileReference; lastKnownFileType = sourcecode.swift; path = swaapUITests.swift; sourceTree = "<group>"; };
		37A185C7237A357C002191B5 /* Info.plist */ = {isa = PBXFileReference; lastKnownFileType = text.plist.xml; path = Info.plist; sourceTree = "<group>"; };
/* End PBXFileReference section */

/* Begin PBXFrameworksBuildPhase section */
		37A1859D237A3579002191B5 /* Frameworks */ = {
			isa = PBXFrameworksBuildPhase;
			buildActionMask = 2147483647;
			files = (
			);
			runOnlyForDeploymentPostprocessing = 0;
		};
		37A185B3237A357C002191B5 /* Frameworks */ = {
			isa = PBXFrameworksBuildPhase;
			buildActionMask = 2147483647;
			files = (
			);
			runOnlyForDeploymentPostprocessing = 0;
		};
		37A185BE237A357C002191B5 /* Frameworks */ = {
			isa = PBXFrameworksBuildPhase;
			buildActionMask = 2147483647;
			files = (
			);
			runOnlyForDeploymentPostprocessing = 0;
		};
/* End PBXFrameworksBuildPhase section */

/* Begin PBXGroup section */
		37A18597237A3579002191B5 = {
			isa = PBXGroup;
			children = (
				37A185A2237A3579002191B5 /* swaap */,
				37A185B9237A357C002191B5 /* swaapTests */,
				37A185C4237A357C002191B5 /* swaapUITests */,
				37A185A1237A3579002191B5 /* Products */,
			);
			sourceTree = "<group>";
		};
		37A185A1237A3579002191B5 /* Products */ = {
			isa = PBXGroup;
			children = (
				37A185A0237A3579002191B5 /* swaap.app */,
				37A185B6237A357C002191B5 /* swaapTests.xctest */,
				37A185C1237A357C002191B5 /* swaapUITests.xctest */,
			);
			name = Products;
			sourceTree = "<group>";
		};
		37A185A2237A3579002191B5 /* swaap */ = {
			isa = PBXGroup;
			children = (
				37A185D5237A376F002191B5 /* Storyboards */,
				37A185D7237A37A2002191B5 /* Views */,
				37A185D4237A375E002191B5 /* View Controllers */,
				37A185D8237A37A8002191B5 /* Models */,
				37A185DA237A37BB002191B5 /* Model Controllers */,
				37A185DB237A37D1002191B5 /* Helpers */,
				37A185D3237A374C002191B5 /* Support */,
				37A185D6237A3791002191B5 /* Resources */,
			);
			path = swaap;
			sourceTree = "<group>";
		};
		37A185B9237A357C002191B5 /* swaapTests */ = {
			isa = PBXGroup;
			children = (
				37A185BA237A357C002191B5 /* swaapTests.swift */,
				37A185BC237A357C002191B5 /* Info.plist */,
			);
			path = swaapTests;
			sourceTree = "<group>";
		};
		37A185C4237A357C002191B5 /* swaapUITests */ = {
			isa = PBXGroup;
			children = (
				37A185C5237A357C002191B5 /* swaapUITests.swift */,
				37A185C7237A357C002191B5 /* Info.plist */,
			);
			path = swaapUITests;
			sourceTree = "<group>";
		};
		37A185D3237A374C002191B5 /* Support */ = {
			isa = PBXGroup;
			children = (
				37A185A3237A3579002191B5 /* AppDelegate.swift */,
			);
			path = Support;
			sourceTree = "<group>";
		};
		37A185D4237A375E002191B5 /* View Controllers */ = {
			isa = PBXGroup;
			children = (
				37A185A7237A3579002191B5 /* ViewController.swift */,
			);
			path = "View Controllers";
			sourceTree = "<group>";
		};
		37A185D5237A376F002191B5 /* Storyboards */ = {
			isa = PBXGroup;
			children = (
				37A185AE237A357C002191B5 /* LaunchScreen.storyboard */,
				37A185A9237A3579002191B5 /* Main.storyboard */,
			);
			path = Storyboards;
			sourceTree = "<group>";
		};
		37A185D6237A3791002191B5 /* Resources */ = {
			isa = PBXGroup;
			children = (
				37A185AC237A357C002191B5 /* Assets.xcassets */,
				37A185B1237A357C002191B5 /* Info.plist */,
			);
			path = Resources;
			sourceTree = "<group>";
		};
		37A185D7237A37A2002191B5 /* Views */ = {
			isa = PBXGroup;
			children = (
			);
			path = Views;
			sourceTree = "<group>";
		};
		37A185D8237A37A8002191B5 /* Models */ = {
			isa = PBXGroup;
			children = (
			);
			path = Models;
			sourceTree = "<group>";
		};
		37A185DA237A37BB002191B5 /* Model Controllers */ = {
			isa = PBXGroup;
			children = (
			);
			path = "Model Controllers";
			sourceTree = "<group>";
		};
		37A185DB237A37D1002191B5 /* Helpers */ = {
			isa = PBXGroup;
			children = (
			);
			path = Helpers;
			sourceTree = "<group>";
		};
/* End PBXGroup section */

/* Begin PBXNativeTarget section */
		37A1859F237A3579002191B5 /* swaap */ = {
			isa = PBXNativeTarget;
			buildConfigurationList = 37A185CA237A357C002191B5 /* Build configuration list for PBXNativeTarget "swaap" */;
			buildPhases = (
				37A1859C237A3579002191B5 /* Sources */,
				37A1859D237A3579002191B5 /* Frameworks */,
				37A1859E237A3579002191B5 /* Resources */,
			);
			buildRules = (
			);
			dependencies = (
			);
			name = swaap;
			productName = swaap;
			productReference = 37A185A0237A3579002191B5 /* swaap.app */;
			productType = "com.apple.product-type.application";
		};
		37A185B5237A357C002191B5 /* swaapTests */ = {
			isa = PBXNativeTarget;
			buildConfigurationList = 37A185CD237A357C002191B5 /* Build configuration list for PBXNativeTarget "swaapTests" */;
			buildPhases = (
				37A185B2237A357C002191B5 /* Sources */,
				37A185B3237A357C002191B5 /* Frameworks */,
				37A185B4237A357C002191B5 /* Resources */,
			);
			buildRules = (
			);
			dependencies = (
				37A185B8237A357C002191B5 /* PBXTargetDependency */,
			);
			name = swaapTests;
			productName = swaapTests;
			productReference = 37A185B6237A357C002191B5 /* swaapTests.xctest */;
			productType = "com.apple.product-type.bundle.unit-test";
		};
		37A185C0237A357C002191B5 /* swaapUITests */ = {
			isa = PBXNativeTarget;
			buildConfigurationList = 37A185D0237A357C002191B5 /* Build configuration list for PBXNativeTarget "swaapUITests" */;
			buildPhases = (
				37A185BD237A357C002191B5 /* Sources */,
				37A185BE237A357C002191B5 /* Frameworks */,
				37A185BF237A357C002191B5 /* Resources */,
			);
			buildRules = (
			);
			dependencies = (
				37A185C3237A357C002191B5 /* PBXTargetDependency */,
			);
			name = swaapUITests;
			productName = swaapUITests;
			productReference = 37A185C1237A357C002191B5 /* swaapUITests.xctest */;
			productType = "com.apple.product-type.bundle.ui-testing";
		};
/* End PBXNativeTarget section */

/* Begin PBXProject section */
		37A18598237A3579002191B5 /* Project object */ = {
			isa = PBXProject;
			attributes = {
				LastSwiftUpdateCheck = 1120;
				LastUpgradeCheck = 1120;
				ORGANIZATIONNAME = swaap;
				TargetAttributes = {
					37A1859F237A3579002191B5 = {
						CreatedOnToolsVersion = 11.2;
					};
					37A185B5237A357C002191B5 = {
						CreatedOnToolsVersion = 11.2;
						TestTargetID = 37A1859F237A3579002191B5;
					};
					37A185C0237A357C002191B5 = {
						CreatedOnToolsVersion = 11.2;
						TestTargetID = 37A1859F237A3579002191B5;
					};
				};
			};
			buildConfigurationList = 37A1859B237A3579002191B5 /* Build configuration list for PBXProject "swaap" */;
			compatibilityVersion = "Xcode 9.3";
			developmentRegion = en;
			hasScannedForEncodings = 0;
			knownRegions = (
				en,
				Base,
			);
			mainGroup = 37A18597237A3579002191B5;
			productRefGroup = 37A185A1237A3579002191B5 /* Products */;
			projectDirPath = "";
			projectRoot = "";
			targets = (
				37A1859F237A3579002191B5 /* swaap */,
				37A185B5237A357C002191B5 /* swaapTests */,
				37A185C0237A357C002191B5 /* swaapUITests */,
			);
		};
/* End PBXProject section */

/* Begin PBXResourcesBuildPhase section */
		37A1859E237A3579002191B5 /* Resources */ = {
			isa = PBXResourcesBuildPhase;
			buildActionMask = 2147483647;
			files = (
				37A185B0237A357C002191B5 /* LaunchScreen.storyboard in Resources */,
				37A185AD237A357C002191B5 /* Assets.xcassets in Resources */,
				37A185AB237A3579002191B5 /* Main.storyboard in Resources */,
			);
			runOnlyForDeploymentPostprocessing = 0;
		};
		37A185B4237A357C002191B5 /* Resources */ = {
			isa = PBXResourcesBuildPhase;
			buildActionMask = 2147483647;
			files = (
			);
			runOnlyForDeploymentPostprocessing = 0;
		};
		37A185BF237A357C002191B5 /* Resources */ = {
			isa = PBXResourcesBuildPhase;
			buildActionMask = 2147483647;
			files = (
			);
			runOnlyForDeploymentPostprocessing = 0;
		};
/* End PBXResourcesBuildPhase section */

/* Begin PBXSourcesBuildPhase section */
		37A1859C237A3579002191B5 /* Sources */ = {
			isa = PBXSourcesBuildPhase;
			buildActionMask = 2147483647;
			files = (
				37A185A8237A3579002191B5 /* ViewController.swift in Sources */,
				37A185A4237A3579002191B5 /* AppDelegate.swift in Sources */,
			);
			runOnlyForDeploymentPostprocessing = 0;
		};
		37A185B2237A357C002191B5 /* Sources */ = {
			isa = PBXSourcesBuildPhase;
			buildActionMask = 2147483647;
			files = (
				37A185BB237A357C002191B5 /* swaapTests.swift in Sources */,
			);
			runOnlyForDeploymentPostprocessing = 0;
		};
		37A185BD237A357C002191B5 /* Sources */ = {
			isa = PBXSourcesBuildPhase;
			buildActionMask = 2147483647;
			files = (
				37A185C6237A357C002191B5 /* swaapUITests.swift in Sources */,
			);
			runOnlyForDeploymentPostprocessing = 0;
		};
/* End PBXSourcesBuildPhase section */

/* Begin PBXTargetDependency section */
		37A185B8237A357C002191B5 /* PBXTargetDependency */ = {
			isa = PBXTargetDependency;
			target = 37A1859F237A3579002191B5 /* swaap */;
			targetProxy = 37A185B7237A357C002191B5 /* PBXContainerItemProxy */;
		};
		37A185C3237A357C002191B5 /* PBXTargetDependency */ = {
			isa = PBXTargetDependency;
			target = 37A1859F237A3579002191B5 /* swaap */;
			targetProxy = 37A185C2237A357C002191B5 /* PBXContainerItemProxy */;
		};
/* End PBXTargetDependency section */

/* Begin PBXVariantGroup section */
		37A185A9237A3579002191B5 /* Main.storyboard */ = {
			isa = PBXVariantGroup;
			children = (
				37A185AA237A3579002191B5 /* Base */,
			);
			name = Main.storyboard;
			sourceTree = "<group>";
		};
		37A185AE237A357C002191B5 /* LaunchScreen.storyboard */ = {
			isa = PBXVariantGroup;
			children = (
				37A185AF237A357C002191B5 /* Base */,
			);
			name = LaunchScreen.storyboard;
			sourceTree = "<group>";
		};
/* End PBXVariantGroup section */

/* Begin XCBuildConfiguration section */
		37A185C8237A357C002191B5 /* Debug */ = {
			isa = XCBuildConfiguration;
			buildSettings = {
				ALWAYS_SEARCH_USER_PATHS = NO;
				CLANG_ANALYZER_NONNULL = YES;
				CLANG_ANALYZER_NUMBER_OBJECT_CONVERSION = YES_AGGRESSIVE;
				CLANG_CXX_LANGUAGE_STANDARD = "gnu++14";
				CLANG_CXX_LIBRARY = "libc++";
				CLANG_ENABLE_MODULES = YES;
				CLANG_ENABLE_OBJC_ARC = YES;
				CLANG_ENABLE_OBJC_WEAK = YES;
				CLANG_WARN_BLOCK_CAPTURE_AUTORELEASING = YES;
				CLANG_WARN_BOOL_CONVERSION = YES;
				CLANG_WARN_COMMA = YES;
				CLANG_WARN_CONSTANT_CONVERSION = YES;
				CLANG_WARN_DEPRECATED_OBJC_IMPLEMENTATIONS = YES;
				CLANG_WARN_DIRECT_OBJC_ISA_USAGE = YES_ERROR;
				CLANG_WARN_DOCUMENTATION_COMMENTS = YES;
				CLANG_WARN_EMPTY_BODY = YES;
				CLANG_WARN_ENUM_CONVERSION = YES;
				CLANG_WARN_INFINITE_RECURSION = YES;
				CLANG_WARN_INT_CONVERSION = YES;
				CLANG_WARN_NON_LITERAL_NULL_CONVERSION = YES;
				CLANG_WARN_OBJC_IMPLICIT_RETAIN_SELF = YES;
				CLANG_WARN_OBJC_LITERAL_CONVERSION = YES;
				CLANG_WARN_OBJC_ROOT_CLASS = YES_ERROR;
				CLANG_WARN_RANGE_LOOP_ANALYSIS = YES;
				CLANG_WARN_STRICT_PROTOTYPES = YES;
				CLANG_WARN_SUSPICIOUS_MOVE = YES;
				CLANG_WARN_UNGUARDED_AVAILABILITY = YES_AGGRESSIVE;
				CLANG_WARN_UNREACHABLE_CODE = YES;
				CLANG_WARN__DUPLICATE_METHOD_MATCH = YES;
				COPY_PHASE_STRIP = NO;
				DEBUG_INFORMATION_FORMAT = dwarf;
				ENABLE_STRICT_OBJC_MSGSEND = YES;
				ENABLE_TESTABILITY = YES;
				GCC_C_LANGUAGE_STANDARD = gnu11;
				GCC_DYNAMIC_NO_PIC = NO;
				GCC_NO_COMMON_BLOCKS = YES;
				GCC_OPTIMIZATION_LEVEL = 0;
				GCC_PREPROCESSOR_DEFINITIONS = (
					"DEBUG=1",
					"$(inherited)",
				);
				GCC_WARN_64_TO_32_BIT_CONVERSION = YES;
				GCC_WARN_ABOUT_RETURN_TYPE = YES_ERROR;
				GCC_WARN_UNDECLARED_SELECTOR = YES;
				GCC_WARN_UNINITIALIZED_AUTOS = YES_AGGRESSIVE;
				GCC_WARN_UNUSED_FUNCTION = YES;
				GCC_WARN_UNUSED_VARIABLE = YES;
				IPHONEOS_DEPLOYMENT_TARGET = 13.2;
				MTL_ENABLE_DEBUG_INFO = INCLUDE_SOURCE;
				MTL_FAST_MATH = YES;
				ONLY_ACTIVE_ARCH = YES;
				SDKROOT = iphoneos;
				SWIFT_ACTIVE_COMPILATION_CONDITIONS = DEBUG;
				SWIFT_OPTIMIZATION_LEVEL = "-Onone";
			};
			name = Debug;
		};
		37A185C9237A357C002191B5 /* Release */ = {
			isa = XCBuildConfiguration;
			buildSettings = {
				ALWAYS_SEARCH_USER_PATHS = NO;
				CLANG_ANALYZER_NONNULL = YES;
				CLANG_ANALYZER_NUMBER_OBJECT_CONVERSION = YES_AGGRESSIVE;
				CLANG_CXX_LANGUAGE_STANDARD = "gnu++14";
				CLANG_CXX_LIBRARY = "libc++";
				CLANG_ENABLE_MODULES = YES;
				CLANG_ENABLE_OBJC_ARC = YES;
				CLANG_ENABLE_OBJC_WEAK = YES;
				CLANG_WARN_BLOCK_CAPTURE_AUTORELEASING = YES;
				CLANG_WARN_BOOL_CONVERSION = YES;
				CLANG_WARN_COMMA = YES;
				CLANG_WARN_CONSTANT_CONVERSION = YES;
				CLANG_WARN_DEPRECATED_OBJC_IMPLEMENTATIONS = YES;
				CLANG_WARN_DIRECT_OBJC_ISA_USAGE = YES_ERROR;
				CLANG_WARN_DOCUMENTATION_COMMENTS = YES;
				CLANG_WARN_EMPTY_BODY = YES;
				CLANG_WARN_ENUM_CONVERSION = YES;
				CLANG_WARN_INFINITE_RECURSION = YES;
				CLANG_WARN_INT_CONVERSION = YES;
				CLANG_WARN_NON_LITERAL_NULL_CONVERSION = YES;
				CLANG_WARN_OBJC_IMPLICIT_RETAIN_SELF = YES;
				CLANG_WARN_OBJC_LITERAL_CONVERSION = YES;
				CLANG_WARN_OBJC_ROOT_CLASS = YES_ERROR;
				CLANG_WARN_RANGE_LOOP_ANALYSIS = YES;
				CLANG_WARN_STRICT_PROTOTYPES = YES;
				CLANG_WARN_SUSPICIOUS_MOVE = YES;
				CLANG_WARN_UNGUARDED_AVAILABILITY = YES_AGGRESSIVE;
				CLANG_WARN_UNREACHABLE_CODE = YES;
				CLANG_WARN__DUPLICATE_METHOD_MATCH = YES;
				COPY_PHASE_STRIP = NO;
				DEBUG_INFORMATION_FORMAT = "dwarf-with-dsym";
				ENABLE_NS_ASSERTIONS = NO;
				ENABLE_STRICT_OBJC_MSGSEND = YES;
				GCC_C_LANGUAGE_STANDARD = gnu11;
				GCC_NO_COMMON_BLOCKS = YES;
				GCC_WARN_64_TO_32_BIT_CONVERSION = YES;
				GCC_WARN_ABOUT_RETURN_TYPE = YES_ERROR;
				GCC_WARN_UNDECLARED_SELECTOR = YES;
				GCC_WARN_UNINITIALIZED_AUTOS = YES_AGGRESSIVE;
				GCC_WARN_UNUSED_FUNCTION = YES;
				GCC_WARN_UNUSED_VARIABLE = YES;
				IPHONEOS_DEPLOYMENT_TARGET = 13.2;
				MTL_ENABLE_DEBUG_INFO = NO;
				MTL_FAST_MATH = YES;
				SDKROOT = iphoneos;
				SWIFT_COMPILATION_MODE = wholemodule;
				SWIFT_OPTIMIZATION_LEVEL = "-O";
				VALIDATE_PRODUCT = YES;
			};
			name = Release;
		};
		37A185CB237A357C002191B5 /* Debug */ = {
			isa = XCBuildConfiguration;
			buildSettings = {
				ASSETCATALOG_COMPILER_APPICON_NAME = AppIcon;
				CODE_SIGN_STYLE = Automatic;
				INFOPLIST_FILE = swaap/Resources/Info.plist;
				IPHONEOS_DEPLOYMENT_TARGET = 13.0;
				LD_RUNPATH_SEARCH_PATHS = (
					"$(inherited)",
					"@executable_path/Frameworks",
				);
				PRODUCT_BUNDLE_IDENTIFIER = co.swaapcompany.swaap;
				PRODUCT_NAME = "$(TARGET_NAME)";
				SWIFT_VERSION = 5.0;
				TARGETED_DEVICE_FAMILY = "1,2";
			};
			name = Debug;
		};
		37A185CC237A357C002191B5 /* Release */ = {
			isa = XCBuildConfiguration;
			buildSettings = {
				ASSETCATALOG_COMPILER_APPICON_NAME = AppIcon;
				CODE_SIGN_STYLE = Automatic;
				INFOPLIST_FILE = swaap/Resources/Info.plist;
				IPHONEOS_DEPLOYMENT_TARGET = 13.0;
				LD_RUNPATH_SEARCH_PATHS = (
					"$(inherited)",
					"@executable_path/Frameworks",
				);
				PRODUCT_BUNDLE_IDENTIFIER = co.swaapcompany.swaap;
				PRODUCT_NAME = "$(TARGET_NAME)";
				SWIFT_VERSION = 5.0;
				TARGETED_DEVICE_FAMILY = "1,2";
			};
			name = Release;
		};
		37A185CE237A357C002191B5 /* Debug */ = {
			isa = XCBuildConfiguration;
			buildSettings = {
				ALWAYS_EMBED_SWIFT_STANDARD_LIBRARIES = YES;
				BUNDLE_LOADER = "$(TEST_HOST)";
				CODE_SIGN_STYLE = Automatic;
				INFOPLIST_FILE = swaapTests/Info.plist;
				IPHONEOS_DEPLOYMENT_TARGET = 13.2;
				LD_RUNPATH_SEARCH_PATHS = (
					"$(inherited)",
					"@executable_path/Frameworks",
					"@loader_path/Frameworks",
				);
				PRODUCT_BUNDLE_IDENTIFIER = co.swaapcompany.swaapTests;
				PRODUCT_NAME = "$(TARGET_NAME)";
				SWIFT_VERSION = 5.0;
				TARGETED_DEVICE_FAMILY = "1,2";
				TEST_HOST = "$(BUILT_PRODUCTS_DIR)/swaap.app/swaap";
			};
			name = Debug;
		};
		37A185CF237A357C002191B5 /* Release */ = {
			isa = XCBuildConfiguration;
			buildSettings = {
				ALWAYS_EMBED_SWIFT_STANDARD_LIBRARIES = YES;
				BUNDLE_LOADER = "$(TEST_HOST)";
				CODE_SIGN_STYLE = Automatic;
				INFOPLIST_FILE = swaapTests/Info.plist;
				IPHONEOS_DEPLOYMENT_TARGET = 13.2;
				LD_RUNPATH_SEARCH_PATHS = (
					"$(inherited)",
					"@executable_path/Frameworks",
					"@loader_path/Frameworks",
				);
				PRODUCT_BUNDLE_IDENTIFIER = co.swaapcompany.swaapTests;
				PRODUCT_NAME = "$(TARGET_NAME)";
				SWIFT_VERSION = 5.0;
				TARGETED_DEVICE_FAMILY = "1,2";
				TEST_HOST = "$(BUILT_PRODUCTS_DIR)/swaap.app/swaap";
			};
			name = Release;
		};
		37A185D1237A357C002191B5 /* Debug */ = {
			isa = XCBuildConfiguration;
			buildSettings = {
				ALWAYS_EMBED_SWIFT_STANDARD_LIBRARIES = YES;
				CODE_SIGN_STYLE = Automatic;
				INFOPLIST_FILE = swaapUITests/Info.plist;
				LD_RUNPATH_SEARCH_PATHS = (
					"$(inherited)",
					"@executable_path/Frameworks",
					"@loader_path/Frameworks",
				);
				PRODUCT_BUNDLE_IDENTIFIER = co.swaapcompany.swaapUITests;
				PRODUCT_NAME = "$(TARGET_NAME)";
				SWIFT_VERSION = 5.0;
				TARGETED_DEVICE_FAMILY = "1,2";
				TEST_TARGET_NAME = swaap;
			};
			name = Debug;
		};
		37A185D2237A357C002191B5 /* Release */ = {
			isa = XCBuildConfiguration;
			buildSettings = {
				ALWAYS_EMBED_SWIFT_STANDARD_LIBRARIES = YES;
				CODE_SIGN_STYLE = Automatic;
				INFOPLIST_FILE = swaapUITests/Info.plist;
				LD_RUNPATH_SEARCH_PATHS = (
					"$(inherited)",
					"@executable_path/Frameworks",
					"@loader_path/Frameworks",
				);
				PRODUCT_BUNDLE_IDENTIFIER = co.swaapcompany.swaapUITests;
				PRODUCT_NAME = "$(TARGET_NAME)";
				SWIFT_VERSION = 5.0;
				TARGETED_DEVICE_FAMILY = "1,2";
				TEST_TARGET_NAME = swaap;
			};
			name = Release;
		};
/* End XCBuildConfiguration section */

/* Begin XCConfigurationList section */
		37A1859B237A3579002191B5 /* Build configuration list for PBXProject "swaap" */ = {
			isa = XCConfigurationList;
			buildConfigurations = (
				37A185C8237A357C002191B5 /* Debug */,
				37A185C9237A357C002191B5 /* Release */,
			);
			defaultConfigurationIsVisible = 0;
			defaultConfigurationName = Release;
		};
		37A185CA237A357C002191B5 /* Build configuration list for PBXNativeTarget "swaap" */ = {
			isa = XCConfigurationList;
			buildConfigurations = (
				37A185CB237A357C002191B5 /* Debug */,
				37A185CC237A357C002191B5 /* Release */,
			);
			defaultConfigurationIsVisible = 0;
			defaultConfigurationName = Release;
		};
		37A185CD237A357C002191B5 /* Build configuration list for PBXNativeTarget "swaapTests" */ = {
			isa = XCConfigurationList;
			buildConfigurations = (
				37A185CE237A357C002191B5 /* Debug */,
				37A185CF237A357C002191B5 /* Release */,
			);
			defaultConfigurationIsVisible = 0;
			defaultConfigurationName = Release;
		};
		37A185D0237A357C002191B5 /* Build configuration list for PBXNativeTarget "swaapUITests" */ = {
			isa = XCConfigurationList;
			buildConfigurations = (
				37A185D1237A357C002191B5 /* Debug */,
				37A185D2237A357C002191B5 /* Release */,
			);
			defaultConfigurationIsVisible = 0;
			defaultConfigurationName = Release;
		};
/* End XCConfigurationList section */
	};
	rootObject = 37A18598237A3579002191B5 /* Project object */;
}
