// !$*UTF8*$!
{
	archiveVersion = 1;
	classes = {
	};
	objectVersion = 51;
	objects = {

/* Begin PBXBuildFile section */
		335E668D237B6BAA0099EEA1 /* ContactsController.swift in Sources */ = {isa = PBXBuildFile; fileRef = 335E668C237B6BAA0099EEA1 /* ContactsController.swift */; };
		335E668F237B6BF00099EEA1 /* ContactsCoordinator.swift in Sources */ = {isa = PBXBuildFile; fileRef = 335E668E237B6BF00099EEA1 /* ContactsCoordinator.swift */; };
		33917DF423849A2400BC1501 /* SignUpViewController.swift in Sources */ = {isa = PBXBuildFile; fileRef = 33917DF323849A2400BC1501 /* SignUpViewController.swift */; };
		33917DFA2384C3B000BC1501 /* Auth0.framework in Frameworks */ = {isa = PBXBuildFile; fileRef = 33917DF92384C3B000BC1501 /* Auth0.framework */; };
		3398EDB0237B307100D57DF8 /* Coordinator.swift in Sources */ = {isa = PBXBuildFile; fileRef = 3398EDAF237B307100D57DF8 /* Coordinator.swift */; };
		3398EDB6237B378E00D57DF8 /* CoordinatorProtocols.swift in Sources */ = {isa = PBXBuildFile; fileRef = 3398EDB5237B378E00D57DF8 /* CoordinatorProtocols.swift */; };
		3398EDB8237B37E000D57DF8 /* AuthCoordinator.swift in Sources */ = {isa = PBXBuildFile; fileRef = 3398EDB7237B37E000D57DF8 /* AuthCoordinator.swift */; };
		3398EDBA237B3D3B00D57DF8 /* RootTabBarController.swift in Sources */ = {isa = PBXBuildFile; fileRef = 3398EDB9237B3D3B00D57DF8 /* RootTabBarController.swift */; };
		33C00788238FDDEC000D72A7 /* VectorExtensions.swift in Sources */ = {isa = PBXBuildFile; fileRef = 33C00787238FDDEC000D72A7 /* VectorExtensions.swift */; };
		33FEE0C923836AC3006BE880 /* Auth0.plist in Resources */ = {isa = PBXBuildFile; fileRef = 33FEE0C823836AC3006BE880 /* Auth0.plist */; };
		33FEE0CF23837D8D006BE880 /* GradientView.swift in Sources */ = {isa = PBXBuildFile; fileRef = 33FEE0CE23837D8D006BE880 /* GradientView.swift */; };
		33FEE0D223838ADD006BE880 /* ColorHelper.swift in Sources */ = {isa = PBXBuildFile; fileRef = 33FEE0D123838ADD006BE880 /* ColorHelper.swift */; };
		33FEE0DF2384657D006BE880 /* IBPreview.framework in Frameworks */ = {isa = PBXBuildFile; fileRef = 33FEE0DC2384656A006BE880 /* IBPreview.framework */; };
		33FEE0E02384657D006BE880 /* IBPreview.framework in Embed Frameworks */ = {isa = PBXBuildFile; fileRef = 33FEE0DC2384656A006BE880 /* IBPreview.framework */; settings = {ATTRIBUTES = (CodeSignOnCopy, RemoveHeadersOnCopy, ); }; };
		33FEE0E2238465A9006BE880 /* FormInputView.swift in Sources */ = {isa = PBXBuildFile; fileRef = 33FEE0E1238465A8006BE880 /* FormInputView.swift */; };
		33FEE0E4238466AE006BE880 /* FormInputView.xib in Resources */ = {isa = PBXBuildFile; fileRef = 33FEE0E3238466AE006BE880 /* FormInputView.xib */; };
		37218AFD238F8750008BFC24 /* ImageHelper.swift in Sources */ = {isa = PBXBuildFile; fileRef = 37218AFC238F8750008BFC24 /* ImageHelper.swift */; };
		37218B03238FA161008BFC24 /* FontHelper.swift in Sources */ = {isa = PBXBuildFile; fileRef = 37218B02238FA161008BFC24 /* FontHelper.swift */; };
		3797A55D238603A400CB8621 /* String+Extensions.swift in Sources */ = {isa = PBXBuildFile; fileRef = 3797A55C238603A400CB8621 /* String+Extensions.swift */; };
		3797A56223874DF000CB8621 /* AuthManager.swift in Sources */ = {isa = PBXBuildFile; fileRef = 3797A56123874DF000CB8621 /* AuthManager.swift */; };
		3797A56A2388596900CB8621 /* ProfileCardView.xib in Resources */ = {isa = PBXBuildFile; fileRef = 3797A5692388596900CB8621 /* ProfileCardView.xib */; };
		3797A56C23885D5400CB8621 /* ProfileCoordinator.swift in Sources */ = {isa = PBXBuildFile; fileRef = 3797A56B23885D5400CB8621 /* ProfileCoordinator.swift */; };
		3797A56E23885E9C00CB8621 /* ProfileViewController.swift in Sources */ = {isa = PBXBuildFile; fileRef = 3797A56D23885E9C00CB8621 /* ProfileViewController.swift */; };
		3797A5702388637800CB8621 /* Storyboarded.swift in Sources */ = {isa = PBXBuildFile; fileRef = 3797A56F2388637800CB8621 /* Storyboarded.swift */; };
		3797A57223887F1500CB8621 /* ProfileCardView.swift in Sources */ = {isa = PBXBuildFile; fileRef = 3797A57123887F1500CB8621 /* ProfileCardView.swift */; };
		37A185A4237A3579002191B5 /* AppDelegate.swift in Sources */ = {isa = PBXBuildFile; fileRef = 37A185A3237A3579002191B5 /* AppDelegate.swift */; };
		37A185AB237A3579002191B5 /* Main.storyboard in Resources */ = {isa = PBXBuildFile; fileRef = 37A185A9237A3579002191B5 /* Main.storyboard */; };
		37A185AD237A357C002191B5 /* Assets.xcassets in Resources */ = {isa = PBXBuildFile; fileRef = 37A185AC237A357C002191B5 /* Assets.xcassets */; };
		37A185B0237A357C002191B5 /* LaunchScreen.storyboard in Resources */ = {isa = PBXBuildFile; fileRef = 37A185AE237A357C002191B5 /* LaunchScreen.storyboard */; };
		37A185BB237A357C002191B5 /* swaapTests.swift in Sources */ = {isa = PBXBuildFile; fileRef = 37A185BA237A357C002191B5 /* swaapTests.swift */; };
		37A185C6237A357C002191B5 /* swaapUITests.swift in Sources */ = {isa = PBXBuildFile; fileRef = 37A185C5237A357C002191B5 /* swaapUITests.swift */; };
		37A185E8237A40B8002191B5 /* NetworkHandler.framework in Frameworks */ = {isa = PBXBuildFile; fileRef = 37A185E6237A40B8002191B5 /* NetworkHandler.framework */; };
		37A185EA237A40B8002191B5 /* SwiftyAcknowledgements.framework in Frameworks */ = {isa = PBXBuildFile; fileRef = 37A185E7237A40B8002191B5 /* SwiftyAcknowledgements.framework */; };
		37A185EE237A43BF002191B5 /* StoryboardOne.storyboard in Resources */ = {isa = PBXBuildFile; fileRef = 37A185ED237A43BF002191B5 /* StoryboardOne.storyboard */; };
		37A185F0237A43CE002191B5 /* StoryboardTwo.storyboard in Resources */ = {isa = PBXBuildFile; fileRef = 37A185EF237A43CE002191B5 /* StoryboardTwo.storyboard */; };
		37A185F2237A43D5002191B5 /* Profile.storyboard in Resources */ = {isa = PBXBuildFile; fileRef = 37A185F1237A43D5002191B5 /* Profile.storyboard */; };
		37A2F40B237CFEFE00C1EF3B /* RootAuthViewController.swift in Sources */ = {isa = PBXBuildFile; fileRef = 37A2F40A237CFEFE00C1EF3B /* RootAuthViewController.swift */; };
		37A2F40D237CFF0D00C1EF3B /* Login.storyboard in Resources */ = {isa = PBXBuildFile; fileRef = 37A2F40C237CFF0C00C1EF3B /* Login.storyboard */; };
		37A2F417237CFF5E00C1EF3B /* ChevronAnimatable.framework in Frameworks */ = {isa = PBXBuildFile; fileRef = 37A2F414237CFF5400C1EF3B /* ChevronAnimatable.framework */; };
		37A2F418237CFF5E00C1EF3B /* ChevronAnimatable.framework in Embed Frameworks */ = {isa = PBXBuildFile; fileRef = 37A2F414237CFF5400C1EF3B /* ChevronAnimatable.framework */; settings = {ATTRIBUTES = (CodeSignOnCopy, RemoveHeadersOnCopy, ); }; };
		37A2F41B237D23FF00C1EF3B /* LogInViewController.swift in Sources */ = {isa = PBXBuildFile; fileRef = 37A2F41A237D23FF00C1EF3B /* LogInViewController.swift */; };
		37A2F41D237D543B00C1EF3B /* ButtonHelper.swift in Sources */ = {isa = PBXBuildFile; fileRef = 37A2F41C237D543B00C1EF3B /* ButtonHelper.swift */; };
		37B3B70E238F50D700FB9CFA /* SocialButton.swift in Sources */ = {isa = PBXBuildFile; fileRef = 37B3B70D238F50D700FB9CFA /* SocialButton.swift */; };
		37B3B714238F7EFE00FB9CFA /* SocialButton.xib in Resources */ = {isa = PBXBuildFile; fileRef = 37B3B713238F7EFE00FB9CFA /* SocialButton.xib */; };
/* End PBXBuildFile section */

/* Begin PBXContainerItemProxy section */
		33FEE0DB2384656A006BE880 /* PBXContainerItemProxy */ = {
			isa = PBXContainerItemProxy;
			containerPortal = 33FEE0D62384656A006BE880 /* IBPreview.xcodeproj */;
			proxyType = 2;
			remoteGlobalIDString = 33952A5A2384562F0085558C;
			remoteInfo = IBPreview;
		};
		33FEE0DD2384656A006BE880 /* PBXContainerItemProxy */ = {
			isa = PBXContainerItemProxy;
			containerPortal = 33FEE0D62384656A006BE880 /* IBPreview.xcodeproj */;
			proxyType = 2;
			remoteGlobalIDString = 33952A632384562F0085558C;
			remoteInfo = IBPreviewTests;
		};
		37A185B7237A357C002191B5 /* PBXContainerItemProxy */ = {
			isa = PBXContainerItemProxy;
			containerPortal = 37A18598237A3579002191B5 /* Project object */;
			proxyType = 1;
			remoteGlobalIDString = 37A1859F237A3579002191B5;
			remoteInfo = swaap;
		};
		37A185C2237A357C002191B5 /* PBXContainerItemProxy */ = {
			isa = PBXContainerItemProxy;
			containerPortal = 37A18598237A3579002191B5 /* Project object */;
			proxyType = 1;
			remoteGlobalIDString = 37A1859F237A3579002191B5;
			remoteInfo = swaap;
		};
		37A2F413237CFF5400C1EF3B /* PBXContainerItemProxy */ = {
			isa = PBXContainerItemProxy;
			containerPortal = 37A2F40E237CFF5400C1EF3B /* ChevronAnimatable.xcodeproj */;
			proxyType = 2;
			remoteGlobalIDString = 37A2F3AC237BAB6800C1EF3B;
			remoteInfo = ChevronAnimatable;
		};
		37A2F415237CFF5400C1EF3B /* PBXContainerItemProxy */ = {
			isa = PBXContainerItemProxy;
			containerPortal = 37A2F40E237CFF5400C1EF3B /* ChevronAnimatable.xcodeproj */;
			proxyType = 2;
			remoteGlobalIDString = 37A2F3B5237BAB6800C1EF3B;
			remoteInfo = ChevronAnimatableTests;
		};
/* End PBXContainerItemProxy section */

/* Begin PBXCopyFilesBuildPhase section */
		37A2F419237CFF5E00C1EF3B /* Embed Frameworks */ = {
			isa = PBXCopyFilesBuildPhase;
			buildActionMask = 2147483647;
			dstPath = "";
			dstSubfolderSpec = 10;
			files = (
				33FEE0E02384657D006BE880 /* IBPreview.framework in Embed Frameworks */,
				37A2F418237CFF5E00C1EF3B /* ChevronAnimatable.framework in Embed Frameworks */,
			);
			name = "Embed Frameworks";
			runOnlyForDeploymentPostprocessing = 0;
		};
/* End PBXCopyFilesBuildPhase section */

/* Begin PBXFileReference section */
		335E668C237B6BAA0099EEA1 /* ContactsController.swift */ = {isa = PBXFileReference; lastKnownFileType = sourcecode.swift; path = ContactsController.swift; sourceTree = "<group>"; };
		335E668E237B6BF00099EEA1 /* ContactsCoordinator.swift */ = {isa = PBXFileReference; lastKnownFileType = sourcecode.swift; path = ContactsCoordinator.swift; sourceTree = "<group>"; };
		33917DF323849A2400BC1501 /* SignUpViewController.swift */ = {isa = PBXFileReference; lastKnownFileType = sourcecode.swift; path = SignUpViewController.swift; sourceTree = "<group>"; };
		33917DF92384C3B000BC1501 /* Auth0.framework */ = {isa = PBXFileReference; lastKnownFileType = wrapper.framework; name = Auth0.framework; path = Carthage/Build/iOS/Auth0.framework; sourceTree = "<group>"; };
		3398EDAF237B307100D57DF8 /* Coordinator.swift */ = {isa = PBXFileReference; lastKnownFileType = sourcecode.swift; name = Coordinator.swift; path = ../Coordinator.swift; sourceTree = "<group>"; };
		3398EDB5237B378E00D57DF8 /* CoordinatorProtocols.swift */ = {isa = PBXFileReference; lastKnownFileType = sourcecode.swift; path = CoordinatorProtocols.swift; sourceTree = "<group>"; };
		3398EDB7237B37E000D57DF8 /* AuthCoordinator.swift */ = {isa = PBXFileReference; lastKnownFileType = sourcecode.swift; path = AuthCoordinator.swift; sourceTree = "<group>"; };
		3398EDB9237B3D3B00D57DF8 /* RootTabBarController.swift */ = {isa = PBXFileReference; lastKnownFileType = sourcecode.swift; path = RootTabBarController.swift; sourceTree = "<group>"; };
		33C00787238FDDEC000D72A7 /* VectorExtensions.swift */ = {isa = PBXFileReference; lastKnownFileType = sourcecode.swift; path = VectorExtensions.swift; sourceTree = "<group>"; };
		33FEE0C823836AC3006BE880 /* Auth0.plist */ = {isa = PBXFileReference; lastKnownFileType = text.plist.xml; path = Auth0.plist; sourceTree = "<group>"; };
		33FEE0CE23837D8D006BE880 /* GradientView.swift */ = {isa = PBXFileReference; fileEncoding = 4; lastKnownFileType = sourcecode.swift; path = GradientView.swift; sourceTree = "<group>"; };
		33FEE0D123838ADD006BE880 /* ColorHelper.swift */ = {isa = PBXFileReference; lastKnownFileType = sourcecode.swift; path = ColorHelper.swift; sourceTree = "<group>"; };
		33FEE0D523838D2D006BE880 /* uiGradientColors.txt */ = {isa = PBXFileReference; lastKnownFileType = text; path = uiGradientColors.txt; sourceTree = "<group>"; };
		33FEE0D62384656A006BE880 /* IBPreview.xcodeproj */ = {isa = PBXFileReference; lastKnownFileType = "wrapper.pb-project"; name = IBPreview.xcodeproj; path = Carthage/Checkouts/IBPreview/IBPreview.xcodeproj; sourceTree = "<group>"; };
		33FEE0E1238465A8006BE880 /* FormInputView.swift */ = {isa = PBXFileReference; lastKnownFileType = sourcecode.swift; path = FormInputView.swift; sourceTree = "<group>"; };
		33FEE0E3238466AE006BE880 /* FormInputView.xib */ = {isa = PBXFileReference; lastKnownFileType = file.xib; path = FormInputView.xib; sourceTree = "<group>"; };
		37218AFC238F8750008BFC24 /* ImageHelper.swift */ = {isa = PBXFileReference; lastKnownFileType = sourcecode.swift; path = ImageHelper.swift; sourceTree = "<group>"; };
		37218B02238FA161008BFC24 /* FontHelper.swift */ = {isa = PBXFileReference; lastKnownFileType = sourcecode.swift; path = FontHelper.swift; sourceTree = "<group>"; };
		3797A55C238603A400CB8621 /* String+Extensions.swift */ = {isa = PBXFileReference; lastKnownFileType = sourcecode.swift; path = "String+Extensions.swift"; sourceTree = "<group>"; };
		3797A56123874DF000CB8621 /* AuthManager.swift */ = {isa = PBXFileReference; lastKnownFileType = sourcecode.swift; path = AuthManager.swift; sourceTree = "<group>"; };
		3797A5692388596900CB8621 /* ProfileCardView.xib */ = {isa = PBXFileReference; lastKnownFileType = file.xib; path = ProfileCardView.xib; sourceTree = "<group>"; };
		3797A56B23885D5400CB8621 /* ProfileCoordinator.swift */ = {isa = PBXFileReference; lastKnownFileType = sourcecode.swift; path = ProfileCoordinator.swift; sourceTree = "<group>"; };
		3797A56D23885E9C00CB8621 /* ProfileViewController.swift */ = {isa = PBXFileReference; lastKnownFileType = sourcecode.swift; path = ProfileViewController.swift; sourceTree = "<group>"; };
		3797A56F2388637800CB8621 /* Storyboarded.swift */ = {isa = PBXFileReference; lastKnownFileType = sourcecode.swift; path = Storyboarded.swift; sourceTree = "<group>"; };
		3797A57123887F1500CB8621 /* ProfileCardView.swift */ = {isa = PBXFileReference; lastKnownFileType = sourcecode.swift; path = ProfileCardView.swift; sourceTree = "<group>"; };
		37A185A0237A3579002191B5 /* swaap.app */ = {isa = PBXFileReference; explicitFileType = wrapper.application; includeInIndex = 0; path = swaap.app; sourceTree = BUILT_PRODUCTS_DIR; };
		37A185A3237A3579002191B5 /* AppDelegate.swift */ = {isa = PBXFileReference; lastKnownFileType = sourcecode.swift; path = AppDelegate.swift; sourceTree = "<group>"; };
		37A185AA237A3579002191B5 /* Base */ = {isa = PBXFileReference; lastKnownFileType = file.storyboard; name = Base; path = Base.lproj/Main.storyboard; sourceTree = "<group>"; };
		37A185AC237A357C002191B5 /* Assets.xcassets */ = {isa = PBXFileReference; lastKnownFileType = folder.assetcatalog; path = Assets.xcassets; sourceTree = "<group>"; };
		37A185AF237A357C002191B5 /* Base */ = {isa = PBXFileReference; lastKnownFileType = file.storyboard; name = Base; path = Base.lproj/LaunchScreen.storyboard; sourceTree = "<group>"; };
		37A185B1237A357C002191B5 /* Info.plist */ = {isa = PBXFileReference; lastKnownFileType = text.plist.xml; path = Info.plist; sourceTree = "<group>"; };
		37A185B6237A357C002191B5 /* swaapTests.xctest */ = {isa = PBXFileReference; explicitFileType = wrapper.cfbundle; includeInIndex = 0; path = swaapTests.xctest; sourceTree = BUILT_PRODUCTS_DIR; };
		37A185BA237A357C002191B5 /* swaapTests.swift */ = {isa = PBXFileReference; lastKnownFileType = sourcecode.swift; path = swaapTests.swift; sourceTree = "<group>"; };
		37A185BC237A357C002191B5 /* Info.plist */ = {isa = PBXFileReference; lastKnownFileType = text.plist.xml; path = Info.plist; sourceTree = "<group>"; };
		37A185C1237A357C002191B5 /* swaapUITests.xctest */ = {isa = PBXFileReference; explicitFileType = wrapper.cfbundle; includeInIndex = 0; path = swaapUITests.xctest; sourceTree = BUILT_PRODUCTS_DIR; };
		37A185C5237A357C002191B5 /* swaapUITests.swift */ = {isa = PBXFileReference; lastKnownFileType = sourcecode.swift; path = swaapUITests.swift; sourceTree = "<group>"; };
		37A185C7237A357C002191B5 /* Info.plist */ = {isa = PBXFileReference; lastKnownFileType = text.plist.xml; path = Info.plist; sourceTree = "<group>"; };
		37A185DC237A3953002191B5 /* Cartfile */ = {isa = PBXFileReference; lastKnownFileType = text; path = Cartfile; sourceTree = "<group>"; };
		37A185DD237A3997002191B5 /* .swiftlint.yml */ = {isa = PBXFileReference; lastKnownFileType = text.yaml; path = .swiftlint.yml; sourceTree = "<group>"; };
		37A185E1237A3B76002191B5 /* output.xcfilelist */ = {isa = PBXFileReference; lastKnownFileType = text.xcfilelist; path = output.xcfilelist; sourceTree = "<group>"; };
		37A185E3237A3BCF002191B5 /* input.xcfilelist */ = {isa = PBXFileReference; fileEncoding = 4; lastKnownFileType = text.xcfilelist; path = input.xcfilelist; sourceTree = "<group>"; };
		37A185E6237A40B8002191B5 /* NetworkHandler.framework */ = {isa = PBXFileReference; lastKnownFileType = wrapper.framework; name = NetworkHandler.framework; path = Carthage/Build/iOS/NetworkHandler.framework; sourceTree = "<group>"; };
		37A185E7237A40B8002191B5 /* SwiftyAcknowledgements.framework */ = {isa = PBXFileReference; lastKnownFileType = wrapper.framework; name = SwiftyAcknowledgements.framework; path = Carthage/Build/iOS/SwiftyAcknowledgements.framework; sourceTree = "<group>"; };
		37A185ED237A43BF002191B5 /* StoryboardOne.storyboard */ = {isa = PBXFileReference; lastKnownFileType = file.storyboard; path = StoryboardOne.storyboard; sourceTree = "<group>"; };
		37A185EF237A43CE002191B5 /* StoryboardTwo.storyboard */ = {isa = PBXFileReference; lastKnownFileType = file.storyboard; path = StoryboardTwo.storyboard; sourceTree = "<group>"; };
		37A185F1237A43D5002191B5 /* Profile.storyboard */ = {isa = PBXFileReference; lastKnownFileType = file.storyboard; path = Profile.storyboard; sourceTree = "<group>"; };
		37A2F40A237CFEFE00C1EF3B /* RootAuthViewController.swift */ = {isa = PBXFileReference; fileEncoding = 4; lastKnownFileType = sourcecode.swift; path = RootAuthViewController.swift; sourceTree = "<group>"; };
		37A2F40C237CFF0C00C1EF3B /* Login.storyboard */ = {isa = PBXFileReference; fileEncoding = 4; lastKnownFileType = file.storyboard; path = Login.storyboard; sourceTree = "<group>"; };
		37A2F40E237CFF5400C1EF3B /* ChevronAnimatable.xcodeproj */ = {isa = PBXFileReference; lastKnownFileType = "wrapper.pb-project"; name = ChevronAnimatable.xcodeproj; path = Carthage/Checkouts/ChevronAnimatable/ChevronAnimatable.xcodeproj; sourceTree = "<group>"; };
		37A2F41A237D23FF00C1EF3B /* LogInViewController.swift */ = {isa = PBXFileReference; lastKnownFileType = sourcecode.swift; path = LogInViewController.swift; sourceTree = "<group>"; };
		37A2F41C237D543B00C1EF3B /* ButtonHelper.swift */ = {isa = PBXFileReference; lastKnownFileType = sourcecode.swift; path = ButtonHelper.swift; sourceTree = "<group>"; };
		37A2F41E237DDDF000C1EF3B /* swaap.entitlements */ = {isa = PBXFileReference; lastKnownFileType = text.plist.entitlements; path = swaap.entitlements; sourceTree = "<group>"; };
		37B3B70D238F50D700FB9CFA /* SocialButton.swift */ = {isa = PBXFileReference; lastKnownFileType = sourcecode.swift; path = SocialButton.swift; sourceTree = "<group>"; };
		37B3B713238F7EFE00FB9CFA /* SocialButton.xib */ = {isa = PBXFileReference; lastKnownFileType = file.xib; path = SocialButton.xib; sourceTree = "<group>"; };
/* End PBXFileReference section */

/* Begin PBXFrameworksBuildPhase section */
		37A1859D237A3579002191B5 /* Frameworks */ = {
			isa = PBXFrameworksBuildPhase;
			buildActionMask = 2147483647;
			files = (
				33FEE0DF2384657D006BE880 /* IBPreview.framework in Frameworks */,
				37A185EA237A40B8002191B5 /* SwiftyAcknowledgements.framework in Frameworks */,
				37A2F417237CFF5E00C1EF3B /* ChevronAnimatable.framework in Frameworks */,
				37A185E8237A40B8002191B5 /* NetworkHandler.framework in Frameworks */,
				33917DFA2384C3B000BC1501 /* Auth0.framework in Frameworks */,
			);
			runOnlyForDeploymentPostprocessing = 0;
		};
		37A185B3237A357C002191B5 /* Frameworks */ = {
			isa = PBXFrameworksBuildPhase;
			buildActionMask = 2147483647;
			files = (
			);
			runOnlyForDeploymentPostprocessing = 0;
		};
		37A185BE237A357C002191B5 /* Frameworks */ = {
			isa = PBXFrameworksBuildPhase;
			buildActionMask = 2147483647;
			files = (
			);
			runOnlyForDeploymentPostprocessing = 0;
		};
/* End PBXFrameworksBuildPhase section */

/* Begin PBXGroup section */
		3398EDAE237B2F6200D57DF8 /* Coordinators */ = {
			isa = PBXGroup;
			children = (
				3398EDB7237B37E000D57DF8 /* AuthCoordinator.swift */,
				335E668E237B6BF00099EEA1 /* ContactsCoordinator.swift */,
				3797A56B23885D5400CB8621 /* ProfileCoordinator.swift */,
				3398EDB4237B376900D57DF8 /* Coordinator Protocols */,
			);
			path = Coordinators;
			sourceTree = "<group>";
		};
		3398EDB3237B35CC00D57DF8 /* Helpers */ = {
			isa = PBXGroup;
			children = (
				3797A56123874DF000CB8621 /* AuthManager.swift */,
				33FEE0D123838ADD006BE880 /* ColorHelper.swift */,
				3797A55C238603A400CB8621 /* String+Extensions.swift */,
				37218AFC238F8750008BFC24 /* ImageHelper.swift */,
				37218B02238FA161008BFC24 /* FontHelper.swift */,
				33C00787238FDDEC000D72A7 /* VectorExtensions.swift */,
			);
			path = Helpers;
			sourceTree = "<group>";
		};
		3398EDB4237B376900D57DF8 /* Coordinator Protocols */ = {
			isa = PBXGroup;
			children = (
				3398EDAF237B307100D57DF8 /* Coordinator.swift */,
				3398EDB5237B378E00D57DF8 /* CoordinatorProtocols.swift */,
				3797A56F2388637800CB8621 /* Storyboarded.swift */,
			);
			path = "Coordinator Protocols";
			sourceTree = "<group>";
		};
		33FEE0D72384656A006BE880 /* Products */ = {
			isa = PBXGroup;
			children = (
				33FEE0DC2384656A006BE880 /* IBPreview.framework */,
				33FEE0DE2384656A006BE880 /* IBPreviewTests.xctest */,
			);
			name = Products;
			sourceTree = "<group>";
		};
		37A18597237A3579002191B5 = {
			isa = PBXGroup;
			children = (
				37A185E1237A3B76002191B5 /* output.xcfilelist */,
				37A185E3237A3BCF002191B5 /* input.xcfilelist */,
				37A185DD237A3997002191B5 /* .swiftlint.yml */,
				37A185DC237A3953002191B5 /* Cartfile */,
				37A185A2237A3579002191B5 /* swaap */,
				37A185B9237A357C002191B5 /* swaapTests */,
				37A185C4237A357C002191B5 /* swaapUITests */,
				37A185A1237A3579002191B5 /* Products */,
				37A185E5237A4087002191B5 /* Frameworks */,
			);
			sourceTree = "<group>";
		};
		37A185A1237A3579002191B5 /* Products */ = {
			isa = PBXGroup;
			children = (
				37A185A0237A3579002191B5 /* swaap.app */,
				37A185B6237A357C002191B5 /* swaapTests.xctest */,
				37A185C1237A357C002191B5 /* swaapUITests.xctest */,
			);
			name = Products;
			sourceTree = "<group>";
		};
		37A185A2237A3579002191B5 /* swaap */ = {
			isa = PBXGroup;
			children = (
				37A2F41E237DDDF000C1EF3B /* swaap.entitlements */,
				37A185D5237A376F002191B5 /* Storyboards */,
				37A185D7237A37A2002191B5 /* Views */,
				37A185D4237A375E002191B5 /* View Controllers */,
				37A185D8237A37A8002191B5 /* Models */,
				37A185DA237A37BB002191B5 /* Model Controllers */,
				3398EDB3237B35CC00D57DF8 /* Helpers */,
				3398EDAE237B2F6200D57DF8 /* Coordinators */,
				37A185D3237A374C002191B5 /* Support */,
				37A185D6237A3791002191B5 /* Resources */,
			);
			path = swaap;
			sourceTree = "<group>";
		};
		37A185B9237A357C002191B5 /* swaapTests */ = {
			isa = PBXGroup;
			children = (
				37A185BA237A357C002191B5 /* swaapTests.swift */,
				37A185BC237A357C002191B5 /* Info.plist */,
			);
			path = swaapTests;
			sourceTree = "<group>";
		};
		37A185C4237A357C002191B5 /* swaapUITests */ = {
			isa = PBXGroup;
			children = (
				37A185C5237A357C002191B5 /* swaapUITests.swift */,
				37A185C7237A357C002191B5 /* Info.plist */,
			);
			path = swaapUITests;
			sourceTree = "<group>";
		};
		37A185D3237A374C002191B5 /* Support */ = {
			isa = PBXGroup;
			children = (
				37A185A3237A3579002191B5 /* AppDelegate.swift */,
			);
			path = Support;
			sourceTree = "<group>";
		};
		37A185D4237A375E002191B5 /* View Controllers */ = {
			isa = PBXGroup;
			children = (
				3398EDB9237B3D3B00D57DF8 /* RootTabBarController.swift */,
				37A2F40A237CFEFE00C1EF3B /* RootAuthViewController.swift */,
				37A2F41A237D23FF00C1EF3B /* LogInViewController.swift */,
				33917DF323849A2400BC1501 /* SignUpViewController.swift */,
				3797A56D23885E9C00CB8621 /* ProfileViewController.swift */,
			);
			path = "View Controllers";
			sourceTree = "<group>";
		};
		37A185D5237A376F002191B5 /* Storyboards */ = {
			isa = PBXGroup;
			children = (
				37A185AE237A357C002191B5 /* LaunchScreen.storyboard */,
				37A185A9237A3579002191B5 /* Main.storyboard */,
				37A185ED237A43BF002191B5 /* StoryboardOne.storyboard */,
				37A185EF237A43CE002191B5 /* StoryboardTwo.storyboard */,
				37A185F1237A43D5002191B5 /* Profile.storyboard */,
				37A2F40C237CFF0C00C1EF3B /* Login.storyboard */,
			);
			path = Storyboards;
			sourceTree = "<group>";
		};
		37A185D6237A3791002191B5 /* Resources */ = {
			isa = PBXGroup;
			children = (
				37A185AC237A357C002191B5 /* Assets.xcassets */,
				37A185B1237A357C002191B5 /* Info.plist */,
				33FEE0C823836AC3006BE880 /* Auth0.plist */,
				33FEE0D523838D2D006BE880 /* uiGradientColors.txt */,
			);
			path = Resources;
			sourceTree = "<group>";
		};
		37A185D7237A37A2002191B5 /* Views */ = {
			isa = PBXGroup;
			children = (
				33FEE0CE23837D8D006BE880 /* GradientView.swift */,
				33FEE0E1238465A8006BE880 /* FormInputView.swift */,
				33FEE0E3238466AE006BE880 /* FormInputView.xib */,
				3797A5692388596900CB8621 /* ProfileCardView.xib */,
				3797A57123887F1500CB8621 /* ProfileCardView.swift */,
				37B3B713238F7EFE00FB9CFA /* SocialButton.xib */,
				37B3B70D238F50D700FB9CFA /* SocialButton.swift */,
				37A2F41C237D543B00C1EF3B /* ButtonHelper.swift */,
			);
			path = Views;
			sourceTree = "<group>";
		};
		37A185D8237A37A8002191B5 /* Models */ = {
			isa = PBXGroup;
			children = (
			);
			path = Models;
			sourceTree = "<group>";
		};
		37A185DA237A37BB002191B5 /* Model Controllers */ = {
			isa = PBXGroup;
			children = (
				335E668C237B6BAA0099EEA1 /* ContactsController.swift */,
			);
			path = "Model Controllers";
			sourceTree = "<group>";
		};
		37A185E5237A4087002191B5 /* Frameworks */ = {
			isa = PBXGroup;
			children = (
				33917DF92384C3B000BC1501 /* Auth0.framework */,
				37A2F40E237CFF5400C1EF3B /* ChevronAnimatable.xcodeproj */,
				33FEE0D62384656A006BE880 /* IBPreview.xcodeproj */,
				37A185E6237A40B8002191B5 /* NetworkHandler.framework */,
				37A185E7237A40B8002191B5 /* SwiftyAcknowledgements.framework */,
			);
			name = Frameworks;
			sourceTree = "<group>";
		};
		37A2F40F237CFF5400C1EF3B /* Products */ = {
			isa = PBXGroup;
			children = (
				37A2F414237CFF5400C1EF3B /* ChevronAnimatable.framework */,
				37A2F416237CFF5400C1EF3B /* ChevronAnimatableTests.xctest */,
			);
			name = Products;
			sourceTree = "<group>";
		};
/* End PBXGroup section */

/* Begin PBXNativeTarget section */
		37A1859F237A3579002191B5 /* swaap */ = {
			isa = PBXNativeTarget;
			buildConfigurationList = 37A185CA237A357C002191B5 /* Build configuration list for PBXNativeTarget "swaap" */;
			buildPhases = (
				37A1859C237A3579002191B5 /* Sources */,
				37A1859D237A3579002191B5 /* Frameworks */,
				37A1859E237A3579002191B5 /* Resources */,
				37A185DE237A39EA002191B5 /* Run Script - swiftlint */,
				37A185DF237A3A4D002191B5 /* Run Script - Generate Acknowledgments */,
				37A185E0237A3AAA002191B5 /* Run Script - Carthage */,
				37A2F419237CFF5E00C1EF3B /* Embed Frameworks */,
			);
			buildRules = (
			);
			dependencies = (
			);
			name = swaap;
			productName = swaap;
			productReference = 37A185A0237A3579002191B5 /* swaap.app */;
			productType = "com.apple.product-type.application";
		};
		37A185B5237A357C002191B5 /* swaapTests */ = {
			isa = PBXNativeTarget;
			buildConfigurationList = 37A185CD237A357C002191B5 /* Build configuration list for PBXNativeTarget "swaapTests" */;
			buildPhases = (
				37A185B2237A357C002191B5 /* Sources */,
				37A185B3237A357C002191B5 /* Frameworks */,
				37A185B4237A357C002191B5 /* Resources */,
			);
			buildRules = (
			);
			dependencies = (
				37A185B8237A357C002191B5 /* PBXTargetDependency */,
			);
			name = swaapTests;
			productName = swaapTests;
			productReference = 37A185B6237A357C002191B5 /* swaapTests.xctest */;
			productType = "com.apple.product-type.bundle.unit-test";
		};
		37A185C0237A357C002191B5 /* swaapUITests */ = {
			isa = PBXNativeTarget;
			buildConfigurationList = 37A185D0237A357C002191B5 /* Build configuration list for PBXNativeTarget "swaapUITests" */;
			buildPhases = (
				37A185BD237A357C002191B5 /* Sources */,
				37A185BE237A357C002191B5 /* Frameworks */,
				37A185BF237A357C002191B5 /* Resources */,
			);
			buildRules = (
			);
			dependencies = (
				37A185C3237A357C002191B5 /* PBXTargetDependency */,
			);
			name = swaapUITests;
			productName = swaapUITests;
			productReference = 37A185C1237A357C002191B5 /* swaapUITests.xctest */;
			productType = "com.apple.product-type.bundle.ui-testing";
		};
/* End PBXNativeTarget section */

/* Begin PBXProject section */
		37A18598237A3579002191B5 /* Project object */ = {
			isa = PBXProject;
			attributes = {
				LastSwiftUpdateCheck = 1120;
				LastUpgradeCheck = 1120;
				ORGANIZATIONNAME = swaap;
				TargetAttributes = {
					37A1859F237A3579002191B5 = {
						CreatedOnToolsVersion = 11.2;
					};
					37A185B5237A357C002191B5 = {
						CreatedOnToolsVersion = 11.2;
						TestTargetID = 37A1859F237A3579002191B5;
					};
					37A185C0237A357C002191B5 = {
						CreatedOnToolsVersion = 11.2;
						TestTargetID = 37A1859F237A3579002191B5;
					};
				};
			};
			buildConfigurationList = 37A1859B237A3579002191B5 /* Build configuration list for PBXProject "swaap" */;
			compatibilityVersion = "Xcode 9.3";
			developmentRegion = en;
			hasScannedForEncodings = 0;
			knownRegions = (
				en,
				Base,
			);
			mainGroup = 37A18597237A3579002191B5;
			productRefGroup = 37A185A1237A3579002191B5 /* Products */;
			projectDirPath = "";
			projectReferences = (
				{
					ProductGroup = 37A2F40F237CFF5400C1EF3B /* Products */;
					ProjectRef = 37A2F40E237CFF5400C1EF3B /* ChevronAnimatable.xcodeproj */;
				},
				{
					ProductGroup = 33FEE0D72384656A006BE880 /* Products */;
					ProjectRef = 33FEE0D62384656A006BE880 /* IBPreview.xcodeproj */;
				},
			);
			projectRoot = "";
			targets = (
				37A1859F237A3579002191B5 /* swaap */,
				37A185B5237A357C002191B5 /* swaapTests */,
				37A185C0237A357C002191B5 /* swaapUITests */,
			);
		};
/* End PBXProject section */

/* Begin PBXReferenceProxy section */
		33FEE0DC2384656A006BE880 /* IBPreview.framework */ = {
			isa = PBXReferenceProxy;
			fileType = wrapper.framework;
			path = IBPreview.framework;
			remoteRef = 33FEE0DB2384656A006BE880 /* PBXContainerItemProxy */;
			sourceTree = BUILT_PRODUCTS_DIR;
		};
		33FEE0DE2384656A006BE880 /* IBPreviewTests.xctest */ = {
			isa = PBXReferenceProxy;
			fileType = wrapper.cfbundle;
			path = IBPreviewTests.xctest;
			remoteRef = 33FEE0DD2384656A006BE880 /* PBXContainerItemProxy */;
			sourceTree = BUILT_PRODUCTS_DIR;
		};
		37A2F414237CFF5400C1EF3B /* ChevronAnimatable.framework */ = {
			isa = PBXReferenceProxy;
			fileType = wrapper.framework;
			path = ChevronAnimatable.framework;
			remoteRef = 37A2F413237CFF5400C1EF3B /* PBXContainerItemProxy */;
			sourceTree = BUILT_PRODUCTS_DIR;
		};
		37A2F416237CFF5400C1EF3B /* ChevronAnimatableTests.xctest */ = {
			isa = PBXReferenceProxy;
			fileType = wrapper.cfbundle;
			path = ChevronAnimatableTests.xctest;
			remoteRef = 37A2F415237CFF5400C1EF3B /* PBXContainerItemProxy */;
			sourceTree = BUILT_PRODUCTS_DIR;
		};
/* End PBXReferenceProxy section */

/* Begin PBXResourcesBuildPhase section */
		37A1859E237A3579002191B5 /* Resources */ = {
			isa = PBXResourcesBuildPhase;
			buildActionMask = 2147483647;
			files = (
				3797A56A2388596900CB8621 /* ProfileCardView.xib in Resources */,
				37A185F2237A43D5002191B5 /* Profile.storyboard in Resources */,
				33FEE0E4238466AE006BE880 /* FormInputView.xib in Resources */,
				37A185B0237A357C002191B5 /* LaunchScreen.storyboard in Resources */,
				37A2F40D237CFF0D00C1EF3B /* Login.storyboard in Resources */,
				37A185AD237A357C002191B5 /* Assets.xcassets in Resources */,
				37A185EE237A43BF002191B5 /* StoryboardOne.storyboard in Resources */,
				37A185AB237A3579002191B5 /* Main.storyboard in Resources */,
				37A185F0237A43CE002191B5 /* StoryboardTwo.storyboard in Resources */,
				37B3B714238F7EFE00FB9CFA /* SocialButton.xib in Resources */,
				33FEE0C923836AC3006BE880 /* Auth0.plist in Resources */,
			);
			runOnlyForDeploymentPostprocessing = 0;
		};
		37A185B4237A357C002191B5 /* Resources */ = {
			isa = PBXResourcesBuildPhase;
			buildActionMask = 2147483647;
			files = (
			);
			runOnlyForDeploymentPostprocessing = 0;
		};
		37A185BF237A357C002191B5 /* Resources */ = {
			isa = PBXResourcesBuildPhase;
			buildActionMask = 2147483647;
			files = (
			);
			runOnlyForDeploymentPostprocessing = 0;
		};
/* End PBXResourcesBuildPhase section */

/* Begin PBXShellScriptBuildPhase section */
		37A185DE237A39EA002191B5 /* Run Script - swiftlint */ = {
			isa = PBXShellScriptBuildPhase;
			buildActionMask = 2147483647;
			files = (
			);
			inputFileListPaths = (
			);
			inputPaths = (
			);
			name = "Run Script - swiftlint";
			outputFileListPaths = (
			);
			outputPaths = (
			);
			runOnlyForDeploymentPostprocessing = 0;
			shellPath = /bin/sh;
			shellScript = "if which swiftlint >/dev/null; then\n    swiftlint\nfi\n";
		};
		37A185DF237A3A4D002191B5 /* Run Script - Generate Acknowledgments */ = {
			isa = PBXShellScriptBuildPhase;
			buildActionMask = 2147483647;
			files = (
			);
			inputFileListPaths = (
			);
			inputPaths = (
			);
			name = "Run Script - Generate Acknowledgments";
			outputFileListPaths = (
			);
			outputPaths = (
			);
			runOnlyForDeploymentPostprocessing = 0;
			shellPath = /bin/sh;
			shellScript = "#${SRCROOT}/Scripts/GenerateLicenseFile.swift ${SRCROOT}/Carthage/Checkouts ${PROJECT_DIR}/Poop/Acknowledgements.plist\n";
		};
		37A185E0237A3AAA002191B5 /* Run Script - Carthage */ = {
			isa = PBXShellScriptBuildPhase;
			buildActionMask = 2147483647;
			files = (
			);
			inputFileListPaths = (
				"$(SRCROOT)/input.xcfilelist",
			);
			inputPaths = (
			);
			name = "Run Script - Carthage";
			outputFileListPaths = (
				"$(SRCROOT)/output.xcfilelist",
			);
			outputPaths = (
			);
			runOnlyForDeploymentPostprocessing = 0;
			shellPath = /bin/sh;
			shellScript = "/usr/local/bin/carthage copy-frameworks\n/usr/local/bin/carthage outdated --xcode-warnings\n";
		};
/* End PBXShellScriptBuildPhase section */

/* Begin PBXSourcesBuildPhase section */
		37A1859C237A3579002191B5 /* Sources */ = {
			isa = PBXSourcesBuildPhase;
			buildActionMask = 2147483647;
			files = (
				37A2F40B237CFEFE00C1EF3B /* RootAuthViewController.swift in Sources */,
				335E668D237B6BAA0099EEA1 /* ContactsController.swift in Sources */,
				33FEE0CF23837D8D006BE880 /* GradientView.swift in Sources */,
				3398EDBA237B3D3B00D57DF8 /* RootTabBarController.swift in Sources */,
				3797A56C23885D5400CB8621 /* ProfileCoordinator.swift in Sources */,
				37A185A4237A3579002191B5 /* AppDelegate.swift in Sources */,
				3797A56E23885E9C00CB8621 /* ProfileViewController.swift in Sources */,
				3398EDB6237B378E00D57DF8 /* CoordinatorProtocols.swift in Sources */,
				3398EDB8237B37E000D57DF8 /* AuthCoordinator.swift in Sources */,
				33FEE0D223838ADD006BE880 /* ColorHelper.swift in Sources */,
				37218B03238FA161008BFC24 /* FontHelper.swift in Sources */,
				3797A57223887F1500CB8621 /* ProfileCardView.swift in Sources */,
				33C00788238FDDEC000D72A7 /* VectorExtensions.swift in Sources */,
				3797A55D238603A400CB8621 /* String+Extensions.swift in Sources */,
				3797A56223874DF000CB8621 /* AuthManager.swift in Sources */,
				33917DF423849A2400BC1501 /* SignUpViewController.swift in Sources */,
				37A2F41B237D23FF00C1EF3B /* LogInViewController.swift in Sources */,
				3398EDB0237B307100D57DF8 /* Coordinator.swift in Sources */,
				335E668F237B6BF00099EEA1 /* ContactsCoordinator.swift in Sources */,
				33FEE0E2238465A9006BE880 /* FormInputView.swift in Sources */,
				3797A5702388637800CB8621 /* Storyboarded.swift in Sources */,
				37A2F41D237D543B00C1EF3B /* ButtonHelper.swift in Sources */,
				37B3B70E238F50D700FB9CFA /* SocialButton.swift in Sources */,
				37218AFD238F8750008BFC24 /* ImageHelper.swift in Sources */,
			);
			runOnlyForDeploymentPostprocessing = 0;
		};
		37A185B2237A357C002191B5 /* Sources */ = {
			isa = PBXSourcesBuildPhase;
			buildActionMask = 2147483647;
			files = (
				37A185BB237A357C002191B5 /* swaapTests.swift in Sources */,
			);
			runOnlyForDeploymentPostprocessing = 0;
		};
		37A185BD237A357C002191B5 /* Sources */ = {
			isa = PBXSourcesBuildPhase;
			buildActionMask = 2147483647;
			files = (
				37A185C6237A357C002191B5 /* swaapUITests.swift in Sources */,
			);
			runOnlyForDeploymentPostprocessing = 0;
		};
/* End PBXSourcesBuildPhase section */

/* Begin PBXTargetDependency section */
		37A185B8237A357C002191B5 /* PBXTargetDependency */ = {
			isa = PBXTargetDependency;
			target = 37A1859F237A3579002191B5 /* swaap */;
			targetProxy = 37A185B7237A357C002191B5 /* PBXContainerItemProxy */;
		};
		37A185C3237A357C002191B5 /* PBXTargetDependency */ = {
			isa = PBXTargetDependency;
			target = 37A1859F237A3579002191B5 /* swaap */;
			targetProxy = 37A185C2237A357C002191B5 /* PBXContainerItemProxy */;
		};
/* End PBXTargetDependency section */

/* Begin PBXVariantGroup section */
		37A185A9237A3579002191B5 /* Main.storyboard */ = {
			isa = PBXVariantGroup;
			children = (
				37A185AA237A3579002191B5 /* Base */,
			);
			name = Main.storyboard;
			sourceTree = "<group>";
		};
		37A185AE237A357C002191B5 /* LaunchScreen.storyboard */ = {
			isa = PBXVariantGroup;
			children = (
				37A185AF237A357C002191B5 /* Base */,
			);
			name = LaunchScreen.storyboard;
			sourceTree = "<group>";
		};
/* End PBXVariantGroup section */

/* Begin XCBuildConfiguration section */
		37A185C8237A357C002191B5 /* Debug */ = {
			isa = XCBuildConfiguration;
			buildSettings = {
				ALWAYS_SEARCH_USER_PATHS = NO;
				CLANG_ANALYZER_NONNULL = YES;
				CLANG_ANALYZER_NUMBER_OBJECT_CONVERSION = YES_AGGRESSIVE;
				CLANG_CXX_LANGUAGE_STANDARD = "gnu++14";
				CLANG_CXX_LIBRARY = "libc++";
				CLANG_ENABLE_MODULES = YES;
				CLANG_ENABLE_OBJC_ARC = YES;
				CLANG_ENABLE_OBJC_WEAK = YES;
				CLANG_WARN_BLOCK_CAPTURE_AUTORELEASING = YES;
				CLANG_WARN_BOOL_CONVERSION = YES;
				CLANG_WARN_COMMA = YES;
				CLANG_WARN_CONSTANT_CONVERSION = YES;
				CLANG_WARN_DEPRECATED_OBJC_IMPLEMENTATIONS = YES;
				CLANG_WARN_DIRECT_OBJC_ISA_USAGE = YES_ERROR;
				CLANG_WARN_DOCUMENTATION_COMMENTS = YES;
				CLANG_WARN_EMPTY_BODY = YES;
				CLANG_WARN_ENUM_CONVERSION = YES;
				CLANG_WARN_INFINITE_RECURSION = YES;
				CLANG_WARN_INT_CONVERSION = YES;
				CLANG_WARN_NON_LITERAL_NULL_CONVERSION = YES;
				CLANG_WARN_OBJC_IMPLICIT_RETAIN_SELF = YES;
				CLANG_WARN_OBJC_LITERAL_CONVERSION = YES;
				CLANG_WARN_OBJC_ROOT_CLASS = YES_ERROR;
				CLANG_WARN_RANGE_LOOP_ANALYSIS = YES;
				CLANG_WARN_STRICT_PROTOTYPES = YES;
				CLANG_WARN_SUSPICIOUS_MOVE = YES;
				CLANG_WARN_UNGUARDED_AVAILABILITY = YES_AGGRESSIVE;
				CLANG_WARN_UNREACHABLE_CODE = YES;
				CLANG_WARN__DUPLICATE_METHOD_MATCH = YES;
				COPY_PHASE_STRIP = NO;
				DEBUG_INFORMATION_FORMAT = dwarf;
				ENABLE_STRICT_OBJC_MSGSEND = YES;
				ENABLE_TESTABILITY = YES;
				GCC_C_LANGUAGE_STANDARD = gnu11;
				GCC_DYNAMIC_NO_PIC = NO;
				GCC_NO_COMMON_BLOCKS = YES;
				GCC_OPTIMIZATION_LEVEL = 0;
				GCC_PREPROCESSOR_DEFINITIONS = (
					"DEBUG=1",
					"$(inherited)",
				);
				GCC_WARN_64_TO_32_BIT_CONVERSION = YES;
				GCC_WARN_ABOUT_RETURN_TYPE = YES_ERROR;
				GCC_WARN_UNDECLARED_SELECTOR = YES;
				GCC_WARN_UNINITIALIZED_AUTOS = YES_AGGRESSIVE;
				GCC_WARN_UNUSED_FUNCTION = YES;
				GCC_WARN_UNUSED_VARIABLE = YES;
				IPHONEOS_DEPLOYMENT_TARGET = 13.2;
				MTL_ENABLE_DEBUG_INFO = INCLUDE_SOURCE;
				MTL_FAST_MATH = YES;
				ONLY_ACTIVE_ARCH = YES;
				SDKROOT = iphoneos;
				SWIFT_ACTIVE_COMPILATION_CONDITIONS = DEBUG;
				SWIFT_OPTIMIZATION_LEVEL = "-Onone";
			};
			name = Debug;
		};
		37A185C9237A357C002191B5 /* Release */ = {
			isa = XCBuildConfiguration;
			buildSettings = {
				ALWAYS_SEARCH_USER_PATHS = NO;
				CLANG_ANALYZER_NONNULL = YES;
				CLANG_ANALYZER_NUMBER_OBJECT_CONVERSION = YES_AGGRESSIVE;
				CLANG_CXX_LANGUAGE_STANDARD = "gnu++14";
				CLANG_CXX_LIBRARY = "libc++";
				CLANG_ENABLE_MODULES = YES;
				CLANG_ENABLE_OBJC_ARC = YES;
				CLANG_ENABLE_OBJC_WEAK = YES;
				CLANG_WARN_BLOCK_CAPTURE_AUTORELEASING = YES;
				CLANG_WARN_BOOL_CONVERSION = YES;
				CLANG_WARN_COMMA = YES;
				CLANG_WARN_CONSTANT_CONVERSION = YES;
				CLANG_WARN_DEPRECATED_OBJC_IMPLEMENTATIONS = YES;
				CLANG_WARN_DIRECT_OBJC_ISA_USAGE = YES_ERROR;
				CLANG_WARN_DOCUMENTATION_COMMENTS = YES;
				CLANG_WARN_EMPTY_BODY = YES;
				CLANG_WARN_ENUM_CONVERSION = YES;
				CLANG_WARN_INFINITE_RECURSION = YES;
				CLANG_WARN_INT_CONVERSION = YES;
				CLANG_WARN_NON_LITERAL_NULL_CONVERSION = YES;
				CLANG_WARN_OBJC_IMPLICIT_RETAIN_SELF = YES;
				CLANG_WARN_OBJC_LITERAL_CONVERSION = YES;
				CLANG_WARN_OBJC_ROOT_CLASS = YES_ERROR;
				CLANG_WARN_RANGE_LOOP_ANALYSIS = YES;
				CLANG_WARN_STRICT_PROTOTYPES = YES;
				CLANG_WARN_SUSPICIOUS_MOVE = YES;
				CLANG_WARN_UNGUARDED_AVAILABILITY = YES_AGGRESSIVE;
				CLANG_WARN_UNREACHABLE_CODE = YES;
				CLANG_WARN__DUPLICATE_METHOD_MATCH = YES;
				COPY_PHASE_STRIP = NO;
				DEBUG_INFORMATION_FORMAT = "dwarf-with-dsym";
				ENABLE_NS_ASSERTIONS = NO;
				ENABLE_STRICT_OBJC_MSGSEND = YES;
				GCC_C_LANGUAGE_STANDARD = gnu11;
				GCC_NO_COMMON_BLOCKS = YES;
				GCC_WARN_64_TO_32_BIT_CONVERSION = YES;
				GCC_WARN_ABOUT_RETURN_TYPE = YES_ERROR;
				GCC_WARN_UNDECLARED_SELECTOR = YES;
				GCC_WARN_UNINITIALIZED_AUTOS = YES_AGGRESSIVE;
				GCC_WARN_UNUSED_FUNCTION = YES;
				GCC_WARN_UNUSED_VARIABLE = YES;
				IPHONEOS_DEPLOYMENT_TARGET = 13.2;
				MTL_ENABLE_DEBUG_INFO = NO;
				MTL_FAST_MATH = YES;
				SDKROOT = iphoneos;
				SWIFT_COMPILATION_MODE = wholemodule;
				SWIFT_OPTIMIZATION_LEVEL = "-O";
				VALIDATE_PRODUCT = YES;
			};
			name = Release;
		};
		37A185CB237A357C002191B5 /* Debug */ = {
			isa = XCBuildConfiguration;
			buildSettings = {
				ASSETCATALOG_COMPILER_APPICON_NAME = AppIcon;
				CODE_SIGN_ENTITLEMENTS = swaap/swaap.entitlements;
				CODE_SIGN_IDENTITY = "Apple Development";
				CODE_SIGN_STYLE = Automatic;
				DEVELOPMENT_TEAM = D6VB3396MT;
				FRAMEWORK_SEARCH_PATHS = (
					"$(inherited)",
					"$(PROJECT_DIR)/Carthage/Build/iOS",
				);
				INFOPLIST_FILE = swaap/Resources/Info.plist;
				IPHONEOS_DEPLOYMENT_TARGET = 13.0;
				LD_RUNPATH_SEARCH_PATHS = (
					"$(inherited)",
					"@executable_path/Frameworks",
				);
				PRODUCT_BUNDLE_IDENTIFIER = com.marlonraskin.swaap;
				PRODUCT_NAME = "$(TARGET_NAME)";
				PROVISIONING_PROFILE_SPECIFIER = "";
				SWIFT_VERSION = 5.0;
				TARGETED_DEVICE_FAMILY = "1,2";
			};
			name = Debug;
		};
		37A185CC237A357C002191B5 /* Release */ = {
			isa = XCBuildConfiguration;
			buildSettings = {
				ASSETCATALOG_COMPILER_APPICON_NAME = AppIcon;
				CODE_SIGN_ENTITLEMENTS = swaap/swaap.entitlements;
				CODE_SIGN_IDENTITY = "Apple Development";
				CODE_SIGN_STYLE = Automatic;
				DEVELOPMENT_TEAM = D6VB3396MT;
				FRAMEWORK_SEARCH_PATHS = (
					"$(inherited)",
					"$(PROJECT_DIR)/Carthage/Build/iOS",
				);
				INFOPLIST_FILE = swaap/Resources/Info.plist;
				IPHONEOS_DEPLOYMENT_TARGET = 13.0;
				LD_RUNPATH_SEARCH_PATHS = (
					"$(inherited)",
					"@executable_path/Frameworks",
				);
				PRODUCT_BUNDLE_IDENTIFIER = com.marlonraskin.swaap;
				PRODUCT_NAME = "$(TARGET_NAME)";
				PROVISIONING_PROFILE_SPECIFIER = "";
				SWIFT_VERSION = 5.0;
				TARGETED_DEVICE_FAMILY = "1,2";
			};
			name = Release;
		};
		37A185CE237A357C002191B5 /* Debug */ = {
			isa = XCBuildConfiguration;
			buildSettings = {
				ALWAYS_EMBED_SWIFT_STANDARD_LIBRARIES = YES;
				BUNDLE_LOADER = "$(TEST_HOST)";
				CODE_SIGN_STYLE = Automatic;
				INFOPLIST_FILE = swaapTests/Info.plist;
				IPHONEOS_DEPLOYMENT_TARGET = 13.0;
				LD_RUNPATH_SEARCH_PATHS = (
					"$(inherited)",
					"@executable_path/Frameworks",
					"@loader_path/Frameworks",
				);
				PRODUCT_BUNDLE_IDENTIFIER = co.swaapcompany.swaapTests;
				PRODUCT_NAME = "$(TARGET_NAME)";
				SWIFT_VERSION = 5.0;
				TARGETED_DEVICE_FAMILY = "1,2";
				TEST_HOST = "$(BUILT_PRODUCTS_DIR)/swaap.app/swaap";
			};
			name = Debug;
		};
		37A185CF237A357C002191B5 /* Release */ = {
			isa = XCBuildConfiguration;
			buildSettings = {
				ALWAYS_EMBED_SWIFT_STANDARD_LIBRARIES = YES;
				BUNDLE_LOADER = "$(TEST_HOST)";
				CODE_SIGN_STYLE = Automatic;
				INFOPLIST_FILE = swaapTests/Info.plist;
				IPHONEOS_DEPLOYMENT_TARGET = 13.0;
				LD_RUNPATH_SEARCH_PATHS = (
					"$(inherited)",
					"@executable_path/Frameworks",
					"@loader_path/Frameworks",
				);
				PRODUCT_BUNDLE_IDENTIFIER = co.swaapcompany.swaapTests;
				PRODUCT_NAME = "$(TARGET_NAME)";
				SWIFT_VERSION = 5.0;
				TARGETED_DEVICE_FAMILY = "1,2";
				TEST_HOST = "$(BUILT_PRODUCTS_DIR)/swaap.app/swaap";
			};
			name = Release;
		};
		37A185D1237A357C002191B5 /* Debug */ = {
			isa = XCBuildConfiguration;
			buildSettings = {
				ALWAYS_EMBED_SWIFT_STANDARD_LIBRARIES = YES;
				CODE_SIGN_STYLE = Automatic;
				INFOPLIST_FILE = swaapUITests/Info.plist;
				IPHONEOS_DEPLOYMENT_TARGET = 13.0;
				LD_RUNPATH_SEARCH_PATHS = (
					"$(inherited)",
					"@executable_path/Frameworks",
					"@loader_path/Frameworks",
				);
				PRODUCT_BUNDLE_IDENTIFIER = co.swaapcompany.swaapUITests;
				PRODUCT_NAME = "$(TARGET_NAME)";
				SWIFT_VERSION = 5.0;
				TARGETED_DEVICE_FAMILY = "1,2";
				TEST_TARGET_NAME = swaap;
			};
			name = Debug;
		};
		37A185D2237A357C002191B5 /* Release */ = {
			isa = XCBuildConfiguration;
			buildSettings = {
				ALWAYS_EMBED_SWIFT_STANDARD_LIBRARIES = YES;
				CODE_SIGN_STYLE = Automatic;
				INFOPLIST_FILE = swaapUITests/Info.plist;
				IPHONEOS_DEPLOYMENT_TARGET = 13.0;
				LD_RUNPATH_SEARCH_PATHS = (
					"$(inherited)",
					"@executable_path/Frameworks",
					"@loader_path/Frameworks",
				);
				PRODUCT_BUNDLE_IDENTIFIER = co.swaapcompany.swaapUITests;
				PRODUCT_NAME = "$(TARGET_NAME)";
				SWIFT_VERSION = 5.0;
				TARGETED_DEVICE_FAMILY = "1,2";
				TEST_TARGET_NAME = swaap;
			};
			name = Release;
		};
/* End XCBuildConfiguration section */

/* Begin XCConfigurationList section */
		37A1859B237A3579002191B5 /* Build configuration list for PBXProject "swaap" */ = {
			isa = XCConfigurationList;
			buildConfigurations = (
				37A185C8237A357C002191B5 /* Debug */,
				37A185C9237A357C002191B5 /* Release */,
			);
			defaultConfigurationIsVisible = 0;
			defaultConfigurationName = Release;
		};
		37A185CA237A357C002191B5 /* Build configuration list for PBXNativeTarget "swaap" */ = {
			isa = XCConfigurationList;
			buildConfigurations = (
				37A185CB237A357C002191B5 /* Debug */,
				37A185CC237A357C002191B5 /* Release */,
			);
			defaultConfigurationIsVisible = 0;
			defaultConfigurationName = Release;
		};
		37A185CD237A357C002191B5 /* Build configuration list for PBXNativeTarget "swaapTests" */ = {
			isa = XCConfigurationList;
			buildConfigurations = (
				37A185CE237A357C002191B5 /* Debug */,
				37A185CF237A357C002191B5 /* Release */,
			);
			defaultConfigurationIsVisible = 0;
			defaultConfigurationName = Release;
		};
		37A185D0237A357C002191B5 /* Build configuration list for PBXNativeTarget "swaapUITests" */ = {
			isa = XCConfigurationList;
			buildConfigurations = (
				37A185D1237A357C002191B5 /* Debug */,
				37A185D2237A357C002191B5 /* Release */,
			);
			defaultConfigurationIsVisible = 0;
			defaultConfigurationName = Release;
		};
/* End XCConfigurationList section */
	};
	rootObject = 37A18598237A3579002191B5 /* Project object */;
}
